github.com/otiai10/copy v1.14.1-0.20240925044834-49b0b590f1e1 h1:we842O6S3AN8MO3YdvsKo0CHYe8jKbcc3ScoJp9LiVE=
github.com/otiai10/copy v1.14.1-0.20240925044834-49b0b590f1e1/go.mod h1:oQwrEDDOci3IM8dJF0d8+jnbfPDllW6vUjNc3DoZm9I=
github.com/otiai10/mint v1.6.3 h1:87qsV/aw1F5as1eH1zS/yqHY85ANKVMgkDrf9rcxbQs=
github.com/otiai10/mint v1.6.3/go.mod h1:MJm72SBthJjz8qhefc4z1PYEieWmy8Bku7CjcAqyUSM=
github.com/ricochhet/murmurhash3 v0.0.0-20241010175748-b76fa59b74df h1:FbDMOCQk6Z2FQJXHD7AOkTO2TWGnuGIgKfLXaZmFDIc=
github.com/ricochhet/murmurhash3 v0.0.0-20241010175748-b76fa59b74df/go.mod h1:FkbO+hpAsvvCgZv7VtT1YZ0qZOWKfL96zFfk8bkyJ9Y=
github.com/ricochhet/readwrite v0.0.0-20241010172637-533d3cb8456c h1:fu0NsJBNDB+xERq905OslWYB5Qp9sPAtTpxysZJLw30=
github.com/ricochhet/readwrite v0.0.0-20241010172637-533d3cb8456c/go.mod h1:W6dkZ/KL3RpwAofqfkM4LmjhtsO2LgdP4sybqeUOppg=
github.com/ricochhet/sevenzip v0.0.0-20241020192642-354f59113364 h1:JhDVFcLQYPY4Pg60MmtSi2LPfWLyw7RAnPqH+6PdXTQ=
github.com/ricochhet/sevenzip v0.0.0-20241020192642-354f59113364/go.mod h1:a1JbggVZshxCEecUHsgyNUJlgkbmOaRIdjeuinilJKk=
github.com/ricochhet/simplecrypto v0.0.0-20241010180431-a469bec97958 h1:mjbt9p0JybWbO1dUtVN0DQtMHoLyNo1Zfmrdt31MnPU=
github.com/ricochhet/simplecrypto v0.0.0-20241010180431-a469bec97958/go.mod h1:ZYtAgQnG4X7TAVTlW8wmZ4b0QlgbwhV6u5hI28E9M2U=
github.com/ricochhet/simplefs v0.0.0-20241020191600-51df0c7b11bf h1:xbHyYBwDHVLhV4EpVB3KeAD3EAgbH9PCNc5RPjup0Uo=
github.com/ricochhet/simplefs v0.0.0-20241020191600-51df0c7b11bf/go.mod h1:eK3lUda3KAHctMlhEmuwmtNBgS49IfEjC/qm/5G9CAs=
github.com/ricochhet/simpleprocess v0.0.0-20241010173902-d1fdfc53017b h1:KN2lij/ZnJlqxeTOTcir4rGsO/8g0PYiAAuSmUCiink=
github.com/ricochhet/simpleprocess v0.0.0-20241010173902-d1fdfc53017b/go.mod h1:pys7NWavCbsvVqF+3I7jaD+41txL8mE1+woEFT1ME2E=
github.com/ricochhet/simpleutil v0.0.0-20241020191403-14db560d7650 h1:uoCRA8Xi1iyn+qslIEI2kqwzMnSfX6XTc1BR6mqcbwM=
github.com/ricochhet/simpleutil v0.0.0-20241020191403-14db560d7650/go.mod h1:vxIdwqyHq0DS7PjrkX+TYnTo3lyK0sX2wGgnGD9tFm8=
golang.org/x/sync v0.8.0 h1:3NFvSEYkUoMifnESzZl15y791HH1qU2xm6eCJU5ZPXQ=
golang.org/x/sync v0.8.0/go.mod h1:Czt+wKu1gCyEFDUtn0jG5QVvpJ6rzVqr5aXyt9drQfk=
golang.org/x/sys v0.26.0 h1:KHjCJyddX0LoSTb3J+vWpupP9p0oznkqVk/IfjymZbo=
golang.org/x/sys v0.26.0/go.mod h1:/VUhepiaJMQUp4+oa/7Zr1D23ma6VTLIYjOOTFZPUcA=
